Microsoft Visual Studio Solution File, Format Version 12.00
# Visual Studio Version 17
VisualStudioVersion = 17.5.2.0
MinimumVisualStudioVersion = 10.0.40219.1
Project("{FAE04EC0-301F-11D3-BF4B-00C04F79EFBC}") = "WebApiPAM3", "WebApiPAM3.csproj", "{DBE198BE-B730-9C97-3D96-314154038B26}"
EndProject
Global
	GlobalSection(SolutionConfigurationPlatforms) = preSolution
		Debug|Any CPU = Debug|Any CPU
		Release|Any CPU = Release|Any CPU
	EndGlobalSection
	GlobalSection(ProjectConfigurationPlatforms) = postSolution
		{DBE198BE-B730-9C97-3D96-314154038B26}.Debug|Any CPU.ActiveCfg = Debug|Any CPU
		{DBE198BE-B730-9C97-3D96-314154038B26}.Debug|Any CPU.Build.0 = Debug|Any CPU
		{DBE198BE-B730-9C97-3D96-314154038B26}.Release|Any CPU.ActiveCfg = Release|Any CPU
		{DBE198BE-B730-9C97-3D96-314154038B26}.Release|Any CPU.Build.0 = Release|Any CPU
	EndGlobalSection
	GlobalSection(SolutionProperties) = preSolution
		HideSolutionNode = FALSE
	EndGlobalSection
	GlobalSection(ExtensibilityGlobals) = postSolution
		SolutionGuid = {27DA010E-C402-4B02-82CF-1419261F3005}
	EndGlobalSection
EndGlobal
